
Microsoft Visual Studio Solution File, Format Version 12.00
# Visual Studio Version 17
VisualStudioVersion = 17.0.32112.339
MinimumVisualStudioVersion = 10.0.40219.1
Project("{FAE04EC0-301F-11D3-BF4B-00C04F79EFBC}") = "Ex01", "Ex01\Ex01.csproj", "{426B7701-930A-40B0-84B8-0F226E2F23E8}"
EndProject
Project("{FAE04EC0-301F-11D3-BF4B-00C04F79EFBC}") = "Ex02", "Ex02\Ex02.csproj", "{28BFEC2B-8D39-4010-8B55-5FDE61EED92A}"
EndProject
Project("{FAE04EC0-301F-11D3-BF4B-00C04F79EFBC}") = "Ex03", "Ex03\Ex03.csproj", "{173FC01D-6E07-40A7-B612-4E1A404840FA}"
EndProject
Project("{FAE04EC0-301F-11D3-BF4B-00C04F79EFBC}") = "Ex04", "Ex04\Ex04.csproj", "{2D9A5121-EC14-491B-A2DD-64BF3E1510A1}"
EndProject
Project("{FAE04EC0-301F-11D3-BF4B-00C04F79EFBC}") = "Ex05", "Ex05\Ex05.csproj", "{0C5E2C58-8479-44E7-BFA5-12F7E5D2CBD5}"
EndProject
Project("{FAE04EC0-301F-11D3-BF4B-00C04F79EFBC}") = "Ex06", "Ex06\Ex06.csproj", "{51A1BC29-F3D9-4F4E-8878-24750D7BB940}"
EndProject
Project("{FAE04EC0-301F-11D3-BF4B-00C04F79EFBC}") = "Ex07", "Ex07\Ex07.csproj", "{A9B89054-FB59-4A47-93BF-5D64B5169F0B}"
EndProject
Project("{FAE04EC0-301F-11D3-BF4B-00C04F79EFBC}") = "Ex08", "Ex08\Ex08.csproj", "{93BF2FB5-CB8E-4F5D-8F09-503E118FD64F}"
EndProject
Project("{FAE04EC0-301F-11D3-BF4B-00C04F79EFBC}") = "Ex09", "Ex09\Ex09.csproj", "{E5B26EB9-BE6E-4353-810F-CC58CF9B9FA7}"
EndProject
Project("{FAE04EC0-301F-11D3-BF4B-00C04F79EFBC}") = "Ex10", "Ex10\Ex10.csproj", "{9BED0CB7-7C40-46D6-8432-8BBC20445211}"
EndProject
Global
	GlobalSection(SolutionConfigurationPlatforms) = preSolution
		Debug|Any CPU = Debug|Any CPU
		Release|Any CPU = Release|Any CPU
	EndGlobalSection
	GlobalSection(ProjectConfigurationPlatforms) = postSolution
		{426B7701-930A-40B0-84B8-0F226E2F23E8}.Debug|Any CPU.ActiveCfg = Debug|Any CPU
		{426B7701-930A-40B0-84B8-0F226E2F23E8}.Debug|Any CPU.Build.0 = Debug|Any CPU
		{426B7701-930A-40B0-84B8-0F226E2F23E8}.Release|Any CPU.ActiveCfg = Release|Any CPU
		{426B7701-930A-40B0-84B8-0F226E2F23E8}.Release|Any CPU.Build.0 = Release|Any CPU
		{28BFEC2B-8D39-4010-8B55-5FDE61EED92A}.Debug|Any CPU.ActiveCfg = Debug|Any CPU
		{28BFEC2B-8D39-4010-8B55-5FDE61EED92A}.Debug|Any CPU.Build.0 = Debug|Any CPU
		{28BFEC2B-8D39-4010-8B55-5FDE61EED92A}.Release|Any CPU.ActiveCfg = Release|Any CPU
		{28BFEC2B-8D39-4010-8B55-5FDE61EED92A}.Release|Any CPU.Build.0 = Release|Any CPU
		{173FC01D-6E07-40A7-B612-4E1A404840FA}.Debug|Any CPU.ActiveCfg = Debug|Any CPU
		{173FC01D-6E07-40A7-B612-4E1A404840FA}.Debug|Any CPU.Build.0 = Debug|Any CPU
		{173FC01D-6E07-40A7-B612-4E1A404840FA}.Release|Any CPU.ActiveCfg = Release|Any CPU
		{173FC01D-6E07-40A7-B612-4E1A404840FA}.Release|Any CPU.Build.0 = Release|Any CPU
		{2D9A5121-EC14-491B-A2DD-64BF3E1510A1}.Debug|Any CPU.ActiveCfg = Debug|Any CPU
		{2D9A5121-EC14-491B-A2DD-64BF3E1510A1}.Debug|Any CPU.Build.0 = Debug|Any CPU
		{2D9A5121-EC14-491B-A2DD-64BF3E1510A1}.Release|Any CPU.ActiveCfg = Release|Any CPU
		{2D9A5121-EC14-491B-A2DD-64BF3E1510A1}.Release|Any CPU.Build.0 = Release|Any CPU
		{0C5E2C58-8479-44E7-BFA5-12F7E5D2CBD5}.Debug|Any CPU.ActiveCfg = Debug|Any CPU
		{0C5E2C58-8479-44E7-BFA5-12F7E5D2CBD5}.Debug|Any CPU.Build.0 = Debug|Any CPU
		{0C5E2C58-8479-44E7-BFA5-12F7E5D2CBD5}.Release|Any CPU.ActiveCfg = Release|Any CPU
		{0C5E2C58-8479-44E7-BFA5-12F7E5D2CBD5}.Release|Any CPU.Build.0 = Release|Any CPU
		{51A1BC29-F3D9-4F4E-8878-24750D7BB940}.Debug|Any CPU.ActiveCfg = Debug|Any CPU
		{51A1BC29-F3D9-4F4E-8878-24750D7BB940}.Debug|Any CPU.Build.0 = Debug|Any CPU
		{51A1BC29-F3D9-4F4E-8878-24750D7BB940}.Release|Any CPU.ActiveCfg = Release|Any CPU
		{51A1BC29-F3D9-4F4E-8878-24750D7BB940}.Release|Any CPU.Build.0 = Release|Any CPU
		{A9B89054-FB59-4A47-93BF-5D64B5169F0B}.Debug|Any CPU.ActiveCfg = Debug|Any CPU
		{A9B89054-FB59-4A47-93BF-5D64B5169F0B}.Debug|Any CPU.Build.0 = Debug|Any CPU
		{A9B89054-FB59-4A47-93BF-5D64B5169F0B}.Release|Any CPU.ActiveCfg = Release|Any CPU
		{A9B89054-FB59-4A47-93BF-5D64B5169F0B}.Release|Any CPU.Build.0 = Release|Any CPU
		{93BF2FB5-CB8E-4F5D-8F09-503E118FD64F}.Debug|Any CPU.ActiveCfg = Debug|Any CPU
		{93BF2FB5-CB8E-4F5D-8F09-503E118FD64F}.Debug|Any CPU.Build.0 = Debug|Any CPU
		{93BF2FB5-CB8E-4F5D-8F09-503E118FD64F}.Release|Any CPU.ActiveCfg = Release|Any CPU
		{93BF2FB5-CB8E-4F5D-8F09-503E118FD64F}.Release|Any CPU.Build.0 = Release|Any CPU
		{E5B26EB9-BE6E-4353-810F-CC58CF9B9FA7}.Debug|Any CPU.ActiveCfg = Debug|Any CPU
		{E5B26EB9-BE6E-4353-810F-CC58CF9B9FA7}.Debug|Any CPU.Build.0 = Debug|Any CPU
		{E5B26EB9-BE6E-4353-810F-CC58CF9B9FA7}.Release|Any CPU.ActiveCfg = Release|Any CPU
		{E5B26EB9-BE6E-4353-810F-CC58CF9B9FA7}.Release|Any CPU.Build.0 = Release|Any CPU
		{9BED0CB7-7C40-46D6-8432-8BBC20445211}.Debug|Any CPU.ActiveCfg = Debug|Any CPU
		{9BED0CB7-7C40-46D6-8432-8BBC20445211}.Debug|Any CPU.Build.0 = Debug|Any CPU
		{9BED0CB7-7C40-46D6-8432-8BBC20445211}.Release|Any CPU.ActiveCfg = Release|Any CPU
		{9BED0CB7-7C40-46D6-8432-8BBC20445211}.Release|Any CPU.Build.0 = Release|Any CPU
	EndGlobalSection
	GlobalSection(SolutionProperties) = preSolution
		HideSolutionNode = FALSE
	EndGlobalSection
	GlobalSection(ExtensibilityGlobals) = postSolution
		SolutionGuid = {D68CC805-26D3-47BC-ABDF-4B6AE01DB685}
	EndGlobalSection
EndGlobal
