
Microsoft Visual Studio Solution File, Format Version 12.00
# Visual Studio Version 17
VisualStudioVersion = 17.0.32014.148
MinimumVisualStudioVersion = 10.0.40219.1
Project("{FAE04EC0-301F-11D3-BF4B-00C04F79EFBC}") = "L1", "L1\L1.csproj", "{AFCCA350-FF56-4E50-9F35-1599CDBA1349}"
EndProject
Project("{FAE04EC0-301F-11D3-BF4B-00C04F79EFBC}") = "L2", "L2\L2.csproj", "{45F4CC40-E7C2-47BC-B875-5D9D18E92536}"
EndProject
Project("{FAE04EC0-301F-11D3-BF4B-00C04F79EFBC}") = "L3", "L3\L3.csproj", "{DCE36B0C-04A9-4540-80BD-A280B85D2104}"
EndProject
Project("{FAE04EC0-301F-11D3-BF4B-00C04F79EFBC}") = "L4", "L4\L4.csproj", "{4585F386-AC78-4B55-B117-0E3C0E5B7350}"
EndProject
Project("{FAE04EC0-301F-11D3-BF4B-00C04F79EFBC}") = "L5", "L5\L5.csproj", "{26A20309-26B5-44E4-989B-13590541AA95}"
EndProject
Project("{FAE04EC0-301F-11D3-BF4B-00C04F79EFBC}") = "L6", "L6\L6.csproj", "{16853921-1A4B-4271-9310-EE94677EC713}"
EndProject
Project("{FAE04EC0-301F-11D3-BF4B-00C04F79EFBC}") = "L7", "L7\L7.csproj", "{5CA50985-4771-427A-A945-B26440CC5A0B}"
EndProject
Project("{FAE04EC0-301F-11D3-BF4B-00C04F79EFBC}") = "L8", "L8\L8.csproj", "{6782EB43-8E39-42D9-A86B-ECF1D559025E}"
EndProject
Project("{FAE04EC0-301F-11D3-BF4B-00C04F79EFBC}") = "L9", "L9\L9.csproj", "{26FF7FA1-9CC0-4F38-8F0D-8DD5481E58C3}"
EndProject
Project("{FAE04EC0-301F-11D3-BF4B-00C04F79EFBC}") = "L10", "L10\L10.csproj", "{1C0A20B1-07BA-4BF6-BE34-651750911E39}"
EndProject
Project("{FAE04EC0-301F-11D3-BF4B-00C04F79EFBC}") = "L11", "L11\L11.csproj", "{A6F8E4AA-2CC3-4DE8-8661-3F222C1786F5}"
EndProject
Project("{FAE04EC0-301F-11D3-BF4B-00C04F79EFBC}") = "L12", "L12\L12.csproj", "{D2FEA1A1-E211-489F-B886-28C6691A614A}"
EndProject
Project("{FAE04EC0-301F-11D3-BF4B-00C04F79EFBC}") = "test12", "test12\test12.csproj", "{79945238-A1E0-4474-BECC-1DDBC0CEA9A7}"
EndProject
Global
	GlobalSection(SolutionConfigurationPlatforms) = preSolution
		Debug|Any CPU = Debug|Any CPU
		Release|Any CPU = Release|Any CPU
	EndGlobalSection
	GlobalSection(ProjectConfigurationPlatforms) = postSolution
		{AFCCA350-FF56-4E50-9F35-1599CDBA1349}.Debug|Any CPU.ActiveCfg = Debug|Any CPU
		{AFCCA350-FF56-4E50-9F35-1599CDBA1349}.Debug|Any CPU.Build.0 = Debug|Any CPU
		{AFCCA350-FF56-4E50-9F35-1599CDBA1349}.Release|Any CPU.ActiveCfg = Release|Any CPU
		{AFCCA350-FF56-4E50-9F35-1599CDBA1349}.Release|Any CPU.Build.0 = Release|Any CPU
		{45F4CC40-E7C2-47BC-B875-5D9D18E92536}.Debug|Any CPU.ActiveCfg = Debug|Any CPU
		{45F4CC40-E7C2-47BC-B875-5D9D18E92536}.Debug|Any CPU.Build.0 = Debug|Any CPU
		{45F4CC40-E7C2-47BC-B875-5D9D18E92536}.Release|Any CPU.ActiveCfg = Release|Any CPU
		{45F4CC40-E7C2-47BC-B875-5D9D18E92536}.Release|Any CPU.Build.0 = Release|Any CPU
		{DCE36B0C-04A9-4540-80BD-A280B85D2104}.Debug|Any CPU.ActiveCfg = Debug|Any CPU
		{DCE36B0C-04A9-4540-80BD-A280B85D2104}.Debug|Any CPU.Build.0 = Debug|Any CPU
		{DCE36B0C-04A9-4540-80BD-A280B85D2104}.Release|Any CPU.ActiveCfg = Release|Any CPU
		{DCE36B0C-04A9-4540-80BD-A280B85D2104}.Release|Any CPU.Build.0 = Release|Any CPU
		{4585F386-AC78-4B55-B117-0E3C0E5B7350}.Debug|Any CPU.ActiveCfg = Debug|Any CPU
		{4585F386-AC78-4B55-B117-0E3C0E5B7350}.Debug|Any CPU.Build.0 = Debug|Any CPU
		{4585F386-AC78-4B55-B117-0E3C0E5B7350}.Release|Any CPU.ActiveCfg = Release|Any CPU
		{4585F386-AC78-4B55-B117-0E3C0E5B7350}.Release|Any CPU.Build.0 = Release|Any CPU
		{26A20309-26B5-44E4-989B-13590541AA95}.Debug|Any CPU.ActiveCfg = Debug|Any CPU
		{26A20309-26B5-44E4-989B-13590541AA95}.Debug|Any CPU.Build.0 = Debug|Any CPU
		{26A20309-26B5-44E4-989B-13590541AA95}.Release|Any CPU.ActiveCfg = Release|Any CPU
		{26A20309-26B5-44E4-989B-13590541AA95}.Release|Any CPU.Build.0 = Release|Any CPU
		{16853921-1A4B-4271-9310-EE94677EC713}.Debug|Any CPU.ActiveCfg = Debug|Any CPU
		{16853921-1A4B-4271-9310-EE94677EC713}.Debug|Any CPU.Build.0 = Debug|Any CPU
		{16853921-1A4B-4271-9310-EE94677EC713}.Release|Any CPU.ActiveCfg = Release|Any CPU
		{16853921-1A4B-4271-9310-EE94677EC713}.Release|Any CPU.Build.0 = Release|Any CPU
		{5CA50985-4771-427A-A945-B26440CC5A0B}.Debug|Any CPU.ActiveCfg = Debug|Any CPU
		{5CA50985-4771-427A-A945-B26440CC5A0B}.Debug|Any CPU.Build.0 = Debug|Any CPU
		{5CA50985-4771-427A-A945-B26440CC5A0B}.Release|Any CPU.ActiveCfg = Release|Any CPU
		{5CA50985-4771-427A-A945-B26440CC5A0B}.Release|Any CPU.Build.0 = Release|Any CPU
		{6782EB43-8E39-42D9-A86B-ECF1D559025E}.Debug|Any CPU.ActiveCfg = Debug|Any CPU
		{6782EB43-8E39-42D9-A86B-ECF1D559025E}.Debug|Any CPU.Build.0 = Debug|Any CPU
		{6782EB43-8E39-42D9-A86B-ECF1D559025E}.Release|Any CPU.ActiveCfg = Release|Any CPU
		{6782EB43-8E39-42D9-A86B-ECF1D559025E}.Release|Any CPU.Build.0 = Release|Any CPU
		{26FF7FA1-9CC0-4F38-8F0D-8DD5481E58C3}.Debug|Any CPU.ActiveCfg = Debug|Any CPU
		{26FF7FA1-9CC0-4F38-8F0D-8DD5481E58C3}.Debug|Any CPU.Build.0 = Debug|Any CPU
		{26FF7FA1-9CC0-4F38-8F0D-8DD5481E58C3}.Release|Any CPU.ActiveCfg = Release|Any CPU
		{26FF7FA1-9CC0-4F38-8F0D-8DD5481E58C3}.Release|Any CPU.Build.0 = Release|Any CPU
		{1C0A20B1-07BA-4BF6-BE34-651750911E39}.Debug|Any CPU.ActiveCfg = Debug|Any CPU
		{1C0A20B1-07BA-4BF6-BE34-651750911E39}.Debug|Any CPU.Build.0 = Debug|Any CPU
		{1C0A20B1-07BA-4BF6-BE34-651750911E39}.Release|Any CPU.ActiveCfg = Release|Any CPU
		{1C0A20B1-07BA-4BF6-BE34-651750911E39}.Release|Any CPU.Build.0 = Release|Any CPU
		{A6F8E4AA-2CC3-4DE8-8661-3F222C1786F5}.Debug|Any CPU.ActiveCfg = Debug|Any CPU
		{A6F8E4AA-2CC3-4DE8-8661-3F222C1786F5}.Debug|Any CPU.Build.0 = Debug|Any CPU
		{A6F8E4AA-2CC3-4DE8-8661-3F222C1786F5}.Release|Any CPU.ActiveCfg = Release|Any CPU
		{A6F8E4AA-2CC3-4DE8-8661-3F222C1786F5}.Release|Any CPU.Build.0 = Release|Any CPU
		{D2FEA1A1-E211-489F-B886-28C6691A614A}.Debug|Any CPU.ActiveCfg = Debug|Any CPU
		{D2FEA1A1-E211-489F-B886-28C6691A614A}.Debug|Any CPU.Build.0 = Debug|Any CPU
		{D2FEA1A1-E211-489F-B886-28C6691A614A}.Release|Any CPU.ActiveCfg = Release|Any CPU
		{D2FEA1A1-E211-489F-B886-28C6691A614A}.Release|Any CPU.Build.0 = Release|Any CPU
		{79945238-A1E0-4474-BECC-1DDBC0CEA9A7}.Debug|Any CPU.ActiveCfg = Debug|Any CPU
		{79945238-A1E0-4474-BECC-1DDBC0CEA9A7}.Debug|Any CPU.Build.0 = Debug|Any CPU
		{79945238-A1E0-4474-BECC-1DDBC0CEA9A7}.Release|Any CPU.ActiveCfg = Release|Any CPU
		{79945238-A1E0-4474-BECC-1DDBC0CEA9A7}.Release|Any CPU.Build.0 = Release|Any CPU
	EndGlobalSection
	GlobalSection(SolutionProperties) = preSolution
		HideSolutionNode = FALSE
	EndGlobalSection
	GlobalSection(ExtensibilityGlobals) = postSolution
		SolutionGuid = {28A2F028-B3C3-44C8-8DFD-4BBD92E60D08}
	EndGlobalSection
EndGlobal
