
Microsoft Visual Studio Solution File, Format Version 12.00
# Visual Studio Version 17
VisualStudioVersion = 17.0.32014.148
MinimumVisualStudioVersion = 10.0.40219.1
Project("{9A19103F-16F7-4668-BE54-9A1E7A4F7556}") = "fundL1", "fundL1\fundL1.csproj", "{FE6F3E1B-1062-4757-9D11-D48CA31F87E5}"
EndProject
Project("{FAE04EC0-301F-11D3-BF4B-00C04F79EFBC}") = "L2", "L2\L2.csproj", "{DC37AE1E-CACC-4778-AD9C-248729593FE8}"
EndProject
Project("{FAE04EC0-301F-11D3-BF4B-00C04F79EFBC}") = "L3", "L3\L3.csproj", "{DEBD94E9-7843-41AD-9913-5457631181F6}"
EndProject
Project("{FAE04EC0-301F-11D3-BF4B-00C04F79EFBC}") = "L4", "L4\L4.csproj", "{1E8721B9-0B1B-45A4-82D2-0E09DB831760}"
EndProject
Project("{FAE04EC0-301F-11D3-BF4B-00C04F79EFBC}") = "L5", "L5\L5.csproj", "{083FDA2A-92F8-4371-89C5-B981F39B7924}"
EndProject
Project("{FAE04EC0-301F-11D3-BF4B-00C04F79EFBC}") = "L6", "L6\L6.csproj", "{BE767829-BEB6-4B58-A99C-B908A0F16745}"
EndProject
Project("{FAE04EC0-301F-11D3-BF4B-00C04F79EFBC}") = "L7", "L7\L7.csproj", "{A07FC43D-40CB-40D0-B8C2-1704562B7D70}"
EndProject
Project("{FAE04EC0-301F-11D3-BF4B-00C04F79EFBC}") = "L8", "L8\L8.csproj", "{9416DA9A-96BC-40D5-B991-CF51AB2E93C2}"
EndProject
Project("{FAE04EC0-301F-11D3-BF4B-00C04F79EFBC}") = "L9", "L9\L9.csproj", "{8E510100-37F9-4BF2-A4BB-EAE72024D476}"
EndProject
Project("{FAE04EC0-301F-11D3-BF4B-00C04F79EFBC}") = "L10", "L10\L10.csproj", "{E1733573-0E0A-4C32-ABE0-8636C3A1BEF4}"
EndProject
Project("{FAE04EC0-301F-11D3-BF4B-00C04F79EFBC}") = "L11", "L11\L11.csproj", "{2799BF15-40D1-43C0-A663-E54743C15EB7}"
EndProject
Project("{FAE04EC0-301F-11D3-BF4B-00C04F79EFBC}") = "L12", "L12\L12.csproj", "{C6492586-BAAC-4246-A50A-9A324F873E1E}"
EndProject
Project("{FAE04EC0-301F-11D3-BF4B-00C04F79EFBC}") = "L13", "L13\L13.csproj", "{D9C8315C-1B04-4D68-9951-92AADD521541}"
EndProject
Global
	GlobalSection(SolutionConfigurationPlatforms) = preSolution
		Debug|Any CPU = Debug|Any CPU
		Release|Any CPU = Release|Any CPU
	EndGlobalSection
	GlobalSection(ProjectConfigurationPlatforms) = postSolution
		{FE6F3E1B-1062-4757-9D11-D48CA31F87E5}.Debug|Any CPU.ActiveCfg = Debug|Any CPU
		{FE6F3E1B-1062-4757-9D11-D48CA31F87E5}.Debug|Any CPU.Build.0 = Debug|Any CPU
		{FE6F3E1B-1062-4757-9D11-D48CA31F87E5}.Release|Any CPU.ActiveCfg = Release|Any CPU
		{FE6F3E1B-1062-4757-9D11-D48CA31F87E5}.Release|Any CPU.Build.0 = Release|Any CPU
		{DC37AE1E-CACC-4778-AD9C-248729593FE8}.Debug|Any CPU.ActiveCfg = Debug|Any CPU
		{DC37AE1E-CACC-4778-AD9C-248729593FE8}.Debug|Any CPU.Build.0 = Debug|Any CPU
		{DC37AE1E-CACC-4778-AD9C-248729593FE8}.Release|Any CPU.ActiveCfg = Release|Any CPU
		{DC37AE1E-CACC-4778-AD9C-248729593FE8}.Release|Any CPU.Build.0 = Release|Any CPU
		{DEBD94E9-7843-41AD-9913-5457631181F6}.Debug|Any CPU.ActiveCfg = Debug|Any CPU
		{DEBD94E9-7843-41AD-9913-5457631181F6}.Debug|Any CPU.Build.0 = Debug|Any CPU
		{DEBD94E9-7843-41AD-9913-5457631181F6}.Release|Any CPU.ActiveCfg = Release|Any CPU
		{DEBD94E9-7843-41AD-9913-5457631181F6}.Release|Any CPU.Build.0 = Release|Any CPU
		{1E8721B9-0B1B-45A4-82D2-0E09DB831760}.Debug|Any CPU.ActiveCfg = Debug|Any CPU
		{1E8721B9-0B1B-45A4-82D2-0E09DB831760}.Debug|Any CPU.Build.0 = Debug|Any CPU
		{1E8721B9-0B1B-45A4-82D2-0E09DB831760}.Release|Any CPU.ActiveCfg = Release|Any CPU
		{1E8721B9-0B1B-45A4-82D2-0E09DB831760}.Release|Any CPU.Build.0 = Release|Any CPU
		{083FDA2A-92F8-4371-89C5-B981F39B7924}.Debug|Any CPU.ActiveCfg = Debug|Any CPU
		{083FDA2A-92F8-4371-89C5-B981F39B7924}.Debug|Any CPU.Build.0 = Debug|Any CPU
		{083FDA2A-92F8-4371-89C5-B981F39B7924}.Release|Any CPU.ActiveCfg = Release|Any CPU
		{083FDA2A-92F8-4371-89C5-B981F39B7924}.Release|Any CPU.Build.0 = Release|Any CPU
		{BE767829-BEB6-4B58-A99C-B908A0F16745}.Debug|Any CPU.ActiveCfg = Debug|Any CPU
		{BE767829-BEB6-4B58-A99C-B908A0F16745}.Debug|Any CPU.Build.0 = Debug|Any CPU
		{BE767829-BEB6-4B58-A99C-B908A0F16745}.Release|Any CPU.ActiveCfg = Release|Any CPU
		{BE767829-BEB6-4B58-A99C-B908A0F16745}.Release|Any CPU.Build.0 = Release|Any CPU
		{A07FC43D-40CB-40D0-B8C2-1704562B7D70}.Debug|Any CPU.ActiveCfg = Debug|Any CPU
		{A07FC43D-40CB-40D0-B8C2-1704562B7D70}.Debug|Any CPU.Build.0 = Debug|Any CPU
		{A07FC43D-40CB-40D0-B8C2-1704562B7D70}.Release|Any CPU.ActiveCfg = Release|Any CPU
		{A07FC43D-40CB-40D0-B8C2-1704562B7D70}.Release|Any CPU.Build.0 = Release|Any CPU
		{9416DA9A-96BC-40D5-B991-CF51AB2E93C2}.Debug|Any CPU.ActiveCfg = Debug|Any CPU
		{9416DA9A-96BC-40D5-B991-CF51AB2E93C2}.Debug|Any CPU.Build.0 = Debug|Any CPU
		{9416DA9A-96BC-40D5-B991-CF51AB2E93C2}.Release|Any CPU.ActiveCfg = Release|Any CPU
		{9416DA9A-96BC-40D5-B991-CF51AB2E93C2}.Release|Any CPU.Build.0 = Release|Any CPU
		{8E510100-37F9-4BF2-A4BB-EAE72024D476}.Debug|Any CPU.ActiveCfg = Debug|Any CPU
		{8E510100-37F9-4BF2-A4BB-EAE72024D476}.Debug|Any CPU.Build.0 = Debug|Any CPU
		{8E510100-37F9-4BF2-A4BB-EAE72024D476}.Release|Any CPU.ActiveCfg = Release|Any CPU
		{8E510100-37F9-4BF2-A4BB-EAE72024D476}.Release|Any CPU.Build.0 = Release|Any CPU
		{E1733573-0E0A-4C32-ABE0-8636C3A1BEF4}.Debug|Any CPU.ActiveCfg = Debug|Any CPU
		{E1733573-0E0A-4C32-ABE0-8636C3A1BEF4}.Debug|Any CPU.Build.0 = Debug|Any CPU
		{E1733573-0E0A-4C32-ABE0-8636C3A1BEF4}.Release|Any CPU.ActiveCfg = Release|Any CPU
		{E1733573-0E0A-4C32-ABE0-8636C3A1BEF4}.Release|Any CPU.Build.0 = Release|Any CPU
		{2799BF15-40D1-43C0-A663-E54743C15EB7}.Debug|Any CPU.ActiveCfg = Debug|Any CPU
		{2799BF15-40D1-43C0-A663-E54743C15EB7}.Debug|Any CPU.Build.0 = Debug|Any CPU
		{2799BF15-40D1-43C0-A663-E54743C15EB7}.Release|Any CPU.ActiveCfg = Release|Any CPU
		{2799BF15-40D1-43C0-A663-E54743C15EB7}.Release|Any CPU.Build.0 = Release|Any CPU
		{C6492586-BAAC-4246-A50A-9A324F873E1E}.Debug|Any CPU.ActiveCfg = Debug|Any CPU
		{C6492586-BAAC-4246-A50A-9A324F873E1E}.Debug|Any CPU.Build.0 = Debug|Any CPU
		{C6492586-BAAC-4246-A50A-9A324F873E1E}.Release|Any CPU.ActiveCfg = Release|Any CPU
		{C6492586-BAAC-4246-A50A-9A324F873E1E}.Release|Any CPU.Build.0 = Release|Any CPU
		{D9C8315C-1B04-4D68-9951-92AADD521541}.Debug|Any CPU.ActiveCfg = Debug|Any CPU
		{D9C8315C-1B04-4D68-9951-92AADD521541}.Debug|Any CPU.Build.0 = Debug|Any CPU
		{D9C8315C-1B04-4D68-9951-92AADD521541}.Release|Any CPU.ActiveCfg = Release|Any CPU
		{D9C8315C-1B04-4D68-9951-92AADD521541}.Release|Any CPU.Build.0 = Release|Any CPU
	EndGlobalSection
	GlobalSection(SolutionProperties) = preSolution
		HideSolutionNode = FALSE
	EndGlobalSection
	GlobalSection(ExtensibilityGlobals) = postSolution
		SolutionGuid = {CE410DFC-1C5F-4549-B518-59D6B6974067}
	EndGlobalSection
EndGlobal
