
Microsoft Visual Studio Solution File, Format Version 12.00
# Visual Studio Version 17
VisualStudioVersion = 17.0.32014.148
MinimumVisualStudioVersion = 10.0.40219.1
Project("{FAE04EC0-301F-11D3-BF4B-00C04F79EFBC}") = "Ex1", "FundEx2\Ex1.csproj", "{D73F6418-12CF-4549-A401-5811E6E690C4}"
EndProject
Project("{FAE04EC0-301F-11D3-BF4B-00C04F79EFBC}") = "Ex2", "Ex2\Ex2.csproj", "{3987FF1D-3726-42CE-A241-14A2AC16E73E}"
EndProject
Project("{FAE04EC0-301F-11D3-BF4B-00C04F79EFBC}") = "Ex3", "Ex3\Ex3.csproj", "{269BEA05-CCC4-4AD4-A357-81094C765678}"
EndProject
Project("{FAE04EC0-301F-11D3-BF4B-00C04F79EFBC}") = "Ex4", "Ex4\Ex4.csproj", "{684951EA-FDEE-458D-93CA-6C43A6232835}"
EndProject
Project("{FAE04EC0-301F-11D3-BF4B-00C04F79EFBC}") = "Ex5", "Ex5\Ex5.csproj", "{58C4B27C-7486-4B59-8F7A-9C0BD395BD44}"
EndProject
Project("{FAE04EC0-301F-11D3-BF4B-00C04F79EFBC}") = "Ex6", "Ex6\Ex6.csproj", "{A2B78E58-0CE2-4649-91D5-A4B890549E31}"
EndProject
Project("{FAE04EC0-301F-11D3-BF4B-00C04F79EFBC}") = "Ex7", "Ex7\Ex7.csproj", "{4B22AD44-EEC8-4344-B48F-A0650D2C6CFB}"
EndProject
Project("{FAE04EC0-301F-11D3-BF4B-00C04F79EFBC}") = "Ex8", "Ex8\Ex8.csproj", "{FC872B16-5444-45F8-AD2F-515C55BE1D50}"
EndProject
Project("{FAE04EC0-301F-11D3-BF4B-00C04F79EFBC}") = "Ex9", "Ex9\Ex9.csproj", "{E806932B-0F71-49D2-90CE-257756BA1A8E}"
EndProject
Project("{FAE04EC0-301F-11D3-BF4B-00C04F79EFBC}") = "Ex10", "Ex10\Ex10.csproj", "{45C9828A-4BD8-4A2F-A543-65CE9A2E64E0}"
EndProject
Project("{FAE04EC0-301F-11D3-BF4B-00C04F79EFBC}") = "Ex11", "Ex11\Ex11.csproj", "{5CC81D63-0069-408E-BFFB-001984C8D663}"
EndProject
Global
	GlobalSection(SolutionConfigurationPlatforms) = preSolution
		Debug|Any CPU = Debug|Any CPU
		Release|Any CPU = Release|Any CPU
	EndGlobalSection
	GlobalSection(ProjectConfigurationPlatforms) = postSolution
		{D73F6418-12CF-4549-A401-5811E6E690C4}.Debug|Any CPU.ActiveCfg = Debug|Any CPU
		{D73F6418-12CF-4549-A401-5811E6E690C4}.Debug|Any CPU.Build.0 = Debug|Any CPU
		{D73F6418-12CF-4549-A401-5811E6E690C4}.Release|Any CPU.ActiveCfg = Release|Any CPU
		{D73F6418-12CF-4549-A401-5811E6E690C4}.Release|Any CPU.Build.0 = Release|Any CPU
		{3987FF1D-3726-42CE-A241-14A2AC16E73E}.Debug|Any CPU.ActiveCfg = Debug|Any CPU
		{3987FF1D-3726-42CE-A241-14A2AC16E73E}.Debug|Any CPU.Build.0 = Debug|Any CPU
		{3987FF1D-3726-42CE-A241-14A2AC16E73E}.Release|Any CPU.ActiveCfg = Release|Any CPU
		{3987FF1D-3726-42CE-A241-14A2AC16E73E}.Release|Any CPU.Build.0 = Release|Any CPU
		{269BEA05-CCC4-4AD4-A357-81094C765678}.Debug|Any CPU.ActiveCfg = Debug|Any CPU
		{269BEA05-CCC4-4AD4-A357-81094C765678}.Debug|Any CPU.Build.0 = Debug|Any CPU
		{269BEA05-CCC4-4AD4-A357-81094C765678}.Release|Any CPU.ActiveCfg = Release|Any CPU
		{269BEA05-CCC4-4AD4-A357-81094C765678}.Release|Any CPU.Build.0 = Release|Any CPU
		{684951EA-FDEE-458D-93CA-6C43A6232835}.Debug|Any CPU.ActiveCfg = Debug|Any CPU
		{684951EA-FDEE-458D-93CA-6C43A6232835}.Debug|Any CPU.Build.0 = Debug|Any CPU
		{684951EA-FDEE-458D-93CA-6C43A6232835}.Release|Any CPU.ActiveCfg = Release|Any CPU
		{684951EA-FDEE-458D-93CA-6C43A6232835}.Release|Any CPU.Build.0 = Release|Any CPU
		{58C4B27C-7486-4B59-8F7A-9C0BD395BD44}.Debug|Any CPU.ActiveCfg = Debug|Any CPU
		{58C4B27C-7486-4B59-8F7A-9C0BD395BD44}.Debug|Any CPU.Build.0 = Debug|Any CPU
		{58C4B27C-7486-4B59-8F7A-9C0BD395BD44}.Release|Any CPU.ActiveCfg = Release|Any CPU
		{58C4B27C-7486-4B59-8F7A-9C0BD395BD44}.Release|Any CPU.Build.0 = Release|Any CPU
		{A2B78E58-0CE2-4649-91D5-A4B890549E31}.Debug|Any CPU.ActiveCfg = Debug|Any CPU
		{A2B78E58-0CE2-4649-91D5-A4B890549E31}.Debug|Any CPU.Build.0 = Debug|Any CPU
		{A2B78E58-0CE2-4649-91D5-A4B890549E31}.Release|Any CPU.ActiveCfg = Release|Any CPU
		{A2B78E58-0CE2-4649-91D5-A4B890549E31}.Release|Any CPU.Build.0 = Release|Any CPU
		{4B22AD44-EEC8-4344-B48F-A0650D2C6CFB}.Debug|Any CPU.ActiveCfg = Debug|Any CPU
		{4B22AD44-EEC8-4344-B48F-A0650D2C6CFB}.Debug|Any CPU.Build.0 = Debug|Any CPU
		{4B22AD44-EEC8-4344-B48F-A0650D2C6CFB}.Release|Any CPU.ActiveCfg = Release|Any CPU
		{4B22AD44-EEC8-4344-B48F-A0650D2C6CFB}.Release|Any CPU.Build.0 = Release|Any CPU
		{FC872B16-5444-45F8-AD2F-515C55BE1D50}.Debug|Any CPU.ActiveCfg = Debug|Any CPU
		{FC872B16-5444-45F8-AD2F-515C55BE1D50}.Debug|Any CPU.Build.0 = Debug|Any CPU
		{FC872B16-5444-45F8-AD2F-515C55BE1D50}.Release|Any CPU.ActiveCfg = Release|Any CPU
		{FC872B16-5444-45F8-AD2F-515C55BE1D50}.Release|Any CPU.Build.0 = Release|Any CPU
		{E806932B-0F71-49D2-90CE-257756BA1A8E}.Debug|Any CPU.ActiveCfg = Debug|Any CPU
		{E806932B-0F71-49D2-90CE-257756BA1A8E}.Debug|Any CPU.Build.0 = Debug|Any CPU
		{E806932B-0F71-49D2-90CE-257756BA1A8E}.Release|Any CPU.ActiveCfg = Release|Any CPU
		{E806932B-0F71-49D2-90CE-257756BA1A8E}.Release|Any CPU.Build.0 = Release|Any CPU
		{45C9828A-4BD8-4A2F-A543-65CE9A2E64E0}.Debug|Any CPU.ActiveCfg = Debug|Any CPU
		{45C9828A-4BD8-4A2F-A543-65CE9A2E64E0}.Debug|Any CPU.Build.0 = Debug|Any CPU
		{45C9828A-4BD8-4A2F-A543-65CE9A2E64E0}.Release|Any CPU.ActiveCfg = Release|Any CPU
		{45C9828A-4BD8-4A2F-A543-65CE9A2E64E0}.Release|Any CPU.Build.0 = Release|Any CPU
		{5CC81D63-0069-408E-BFFB-001984C8D663}.Debug|Any CPU.ActiveCfg = Debug|Any CPU
		{5CC81D63-0069-408E-BFFB-001984C8D663}.Debug|Any CPU.Build.0 = Debug|Any CPU
		{5CC81D63-0069-408E-BFFB-001984C8D663}.Release|Any CPU.ActiveCfg = Release|Any CPU
		{5CC81D63-0069-408E-BFFB-001984C8D663}.Release|Any CPU.Build.0 = Release|Any CPU
	EndGlobalSection
	GlobalSection(SolutionProperties) = preSolution
		HideSolutionNode = FALSE
	EndGlobalSection
	GlobalSection(ExtensibilityGlobals) = postSolution
		SolutionGuid = {76BCBE58-851F-4F9E-B66A-9854377A39A6}
	EndGlobalSection
EndGlobal
