
Microsoft Visual Studio Solution File, Format Version 12.00
# Visual Studio Version 17
VisualStudioVersion = 17.0.32014.148
MinimumVisualStudioVersion = 10.0.40219.1
Project("{FAE04EC0-301F-11D3-BF4B-00C04F79EFBC}") = "Ex01", "Ex01\Ex01.csproj", "{8B818CB7-BB78-43CB-B9E0-C43EBDB5784B}"
EndProject
Project("{FAE04EC0-301F-11D3-BF4B-00C04F79EFBC}") = "Ex02", "Ex02\Ex02.csproj", "{55FD9EA1-B548-4C37-800B-262B10571F70}"
EndProject
Project("{FAE04EC0-301F-11D3-BF4B-00C04F79EFBC}") = "Ex03", "Ex03\Ex03.csproj", "{EFFE0A43-6A42-4A02-B300-C45FC0AFDBBE}"
EndProject
Project("{FAE04EC0-301F-11D3-BF4B-00C04F79EFBC}") = "Ex04", "Ex04\Ex04.csproj", "{97EB7C6B-A87F-4FD7-9B53-7189C2DD230E}"
EndProject
Project("{FAE04EC0-301F-11D3-BF4B-00C04F79EFBC}") = "Ex05", "Ex05\Ex05.csproj", "{071402AA-0D2C-4979-8578-FCC7D8F82FAF}"
EndProject
Project("{FAE04EC0-301F-11D3-BF4B-00C04F79EFBC}") = "Ex06", "Ex06\Ex06.csproj", "{33F18428-03DA-441D-982B-421037F21C7C}"
EndProject
Project("{FAE04EC0-301F-11D3-BF4B-00C04F79EFBC}") = "Ex07", "Ex07\Ex07.csproj", "{D7672EDA-5356-472A-9EC3-B22E49E8EFFE}"
EndProject
Project("{FAE04EC0-301F-11D3-BF4B-00C04F79EFBC}") = "Ex08", "Ex08\Ex08.csproj", "{7AF50C05-A437-4315-BE64-5AA8B7727E1D}"
EndProject
Project("{FAE04EC0-301F-11D3-BF4B-00C04F79EFBC}") = "Ex09", "Ex09\Ex09.csproj", "{DF50F132-6959-4EAE-B563-5D0D06B7FBAB}"
EndProject
Project("{FAE04EC0-301F-11D3-BF4B-00C04F79EFBC}") = "Ex10", "Ex10\Ex10.csproj", "{AC556534-BB8A-49ED-B58A-4A774247B3D4}"
EndProject
Global
	GlobalSection(SolutionConfigurationPlatforms) = preSolution
		Debug|Any CPU = Debug|Any CPU
		Release|Any CPU = Release|Any CPU
	EndGlobalSection
	GlobalSection(ProjectConfigurationPlatforms) = postSolution
		{8B818CB7-BB78-43CB-B9E0-C43EBDB5784B}.Debug|Any CPU.ActiveCfg = Debug|Any CPU
		{8B818CB7-BB78-43CB-B9E0-C43EBDB5784B}.Debug|Any CPU.Build.0 = Debug|Any CPU
		{8B818CB7-BB78-43CB-B9E0-C43EBDB5784B}.Release|Any CPU.ActiveCfg = Release|Any CPU
		{8B818CB7-BB78-43CB-B9E0-C43EBDB5784B}.Release|Any CPU.Build.0 = Release|Any CPU
		{55FD9EA1-B548-4C37-800B-262B10571F70}.Debug|Any CPU.ActiveCfg = Debug|Any CPU
		{55FD9EA1-B548-4C37-800B-262B10571F70}.Debug|Any CPU.Build.0 = Debug|Any CPU
		{55FD9EA1-B548-4C37-800B-262B10571F70}.Release|Any CPU.ActiveCfg = Release|Any CPU
		{55FD9EA1-B548-4C37-800B-262B10571F70}.Release|Any CPU.Build.0 = Release|Any CPU
		{EFFE0A43-6A42-4A02-B300-C45FC0AFDBBE}.Debug|Any CPU.ActiveCfg = Debug|Any CPU
		{EFFE0A43-6A42-4A02-B300-C45FC0AFDBBE}.Debug|Any CPU.Build.0 = Debug|Any CPU
		{EFFE0A43-6A42-4A02-B300-C45FC0AFDBBE}.Release|Any CPU.ActiveCfg = Release|Any CPU
		{EFFE0A43-6A42-4A02-B300-C45FC0AFDBBE}.Release|Any CPU.Build.0 = Release|Any CPU
		{97EB7C6B-A87F-4FD7-9B53-7189C2DD230E}.Debug|Any CPU.ActiveCfg = Debug|Any CPU
		{97EB7C6B-A87F-4FD7-9B53-7189C2DD230E}.Debug|Any CPU.Build.0 = Debug|Any CPU
		{97EB7C6B-A87F-4FD7-9B53-7189C2DD230E}.Release|Any CPU.ActiveCfg = Release|Any CPU
		{97EB7C6B-A87F-4FD7-9B53-7189C2DD230E}.Release|Any CPU.Build.0 = Release|Any CPU
		{071402AA-0D2C-4979-8578-FCC7D8F82FAF}.Debug|Any CPU.ActiveCfg = Debug|Any CPU
		{071402AA-0D2C-4979-8578-FCC7D8F82FAF}.Debug|Any CPU.Build.0 = Debug|Any CPU
		{071402AA-0D2C-4979-8578-FCC7D8F82FAF}.Release|Any CPU.ActiveCfg = Release|Any CPU
		{071402AA-0D2C-4979-8578-FCC7D8F82FAF}.Release|Any CPU.Build.0 = Release|Any CPU
		{33F18428-03DA-441D-982B-421037F21C7C}.Debug|Any CPU.ActiveCfg = Debug|Any CPU
		{33F18428-03DA-441D-982B-421037F21C7C}.Debug|Any CPU.Build.0 = Debug|Any CPU
		{33F18428-03DA-441D-982B-421037F21C7C}.Release|Any CPU.ActiveCfg = Release|Any CPU
		{33F18428-03DA-441D-982B-421037F21C7C}.Release|Any CPU.Build.0 = Release|Any CPU
		{D7672EDA-5356-472A-9EC3-B22E49E8EFFE}.Debug|Any CPU.ActiveCfg = Debug|Any CPU
		{D7672EDA-5356-472A-9EC3-B22E49E8EFFE}.Debug|Any CPU.Build.0 = Debug|Any CPU
		{D7672EDA-5356-472A-9EC3-B22E49E8EFFE}.Release|Any CPU.ActiveCfg = Release|Any CPU
		{D7672EDA-5356-472A-9EC3-B22E49E8EFFE}.Release|Any CPU.Build.0 = Release|Any CPU
		{7AF50C05-A437-4315-BE64-5AA8B7727E1D}.Debug|Any CPU.ActiveCfg = Debug|Any CPU
		{7AF50C05-A437-4315-BE64-5AA8B7727E1D}.Debug|Any CPU.Build.0 = Debug|Any CPU
		{7AF50C05-A437-4315-BE64-5AA8B7727E1D}.Release|Any CPU.ActiveCfg = Release|Any CPU
		{7AF50C05-A437-4315-BE64-5AA8B7727E1D}.Release|Any CPU.Build.0 = Release|Any CPU
		{DF50F132-6959-4EAE-B563-5D0D06B7FBAB}.Debug|Any CPU.ActiveCfg = Debug|Any CPU
		{DF50F132-6959-4EAE-B563-5D0D06B7FBAB}.Debug|Any CPU.Build.0 = Debug|Any CPU
		{DF50F132-6959-4EAE-B563-5D0D06B7FBAB}.Release|Any CPU.ActiveCfg = Release|Any CPU
		{DF50F132-6959-4EAE-B563-5D0D06B7FBAB}.Release|Any CPU.Build.0 = Release|Any CPU
		{AC556534-BB8A-49ED-B58A-4A774247B3D4}.Debug|Any CPU.ActiveCfg = Debug|Any CPU
		{AC556534-BB8A-49ED-B58A-4A774247B3D4}.Debug|Any CPU.Build.0 = Debug|Any CPU
		{AC556534-BB8A-49ED-B58A-4A774247B3D4}.Release|Any CPU.ActiveCfg = Release|Any CPU
		{AC556534-BB8A-49ED-B58A-4A774247B3D4}.Release|Any CPU.Build.0 = Release|Any CPU
	EndGlobalSection
	GlobalSection(SolutionProperties) = preSolution
		HideSolutionNode = FALSE
	EndGlobalSection
	GlobalSection(ExtensibilityGlobals) = postSolution
		SolutionGuid = {AB3B23D5-5548-4E89-91C6-5164BB5A9E7C}
	EndGlobalSection
EndGlobal
