
Microsoft Visual Studio Solution File, Format Version 12.00
# Visual Studio Version 17
VisualStudioVersion = 17.0.32014.148
MinimumVisualStudioVersion = 10.0.40219.1
Project("{FAE04EC0-301F-11D3-BF4B-00C04F79EFBC}") = "L01", "L01\L01.csproj", "{DB1D6F5A-8DD1-428E-BD5E-A400C4CAD59E}"
EndProject
Project("{FAE04EC0-301F-11D3-BF4B-00C04F79EFBC}") = "L02", "L02\L02.csproj", "{0F1DE481-DBCC-452C-B488-AE239485E19F}"
EndProject
Project("{FAE04EC0-301F-11D3-BF4B-00C04F79EFBC}") = "L03", "L03\L03.csproj", "{92A021B4-796E-4E4E-9246-C63E883F7CF2}"
EndProject
Project("{FAE04EC0-301F-11D3-BF4B-00C04F79EFBC}") = "L04", "L04\L04.csproj", "{4F937D84-1D39-4B54-8BE1-8A4EEBEFCD6F}"
EndProject
Project("{FAE04EC0-301F-11D3-BF4B-00C04F79EFBC}") = "L05", "L05\L05.csproj", "{87100A55-8F36-4920-AE52-4AA1382A0837}"
EndProject
Project("{FAE04EC0-301F-11D3-BF4B-00C04F79EFBC}") = "L06", "L06\L06.csproj", "{A30F8999-DE77-4FE6-8A49-32E38D14EFC5}"
EndProject
Project("{FAE04EC0-301F-11D3-BF4B-00C04F79EFBC}") = "L07", "L07\L07.csproj", "{65750D9B-EC1F-4BB3-A8AB-DFC70221EEF5}"
EndProject
Project("{FAE04EC0-301F-11D3-BF4B-00C04F79EFBC}") = "L08", "L08\L08.csproj", "{1FE17EBB-1A95-4EB1-8E28-EDFFC36A1FDE}"
EndProject
Project("{FAE04EC0-301F-11D3-BF4B-00C04F79EFBC}") = "L09", "L09\L09.csproj", "{5CAF37C0-C35B-48D6-B12F-E48E0372208B}"
EndProject
Project("{FAE04EC0-301F-11D3-BF4B-00C04F79EFBC}") = "L10", "L10\L10.csproj", "{F3C3CF32-4859-4F2E-AFDC-B5A1A57482E2}"
EndProject
Project("{FAE04EC0-301F-11D3-BF4B-00C04F79EFBC}") = "L11", "L11\L11.csproj", "{ABF3FF85-88BD-46BC-B594-96FC6A1786D7}"
EndProject
Global
	GlobalSection(SolutionConfigurationPlatforms) = preSolution
		Debug|Any CPU = Debug|Any CPU
		Release|Any CPU = Release|Any CPU
	EndGlobalSection
	GlobalSection(ProjectConfigurationPlatforms) = postSolution
		{DB1D6F5A-8DD1-428E-BD5E-A400C4CAD59E}.Debug|Any CPU.ActiveCfg = Debug|Any CPU
		{DB1D6F5A-8DD1-428E-BD5E-A400C4CAD59E}.Debug|Any CPU.Build.0 = Debug|Any CPU
		{DB1D6F5A-8DD1-428E-BD5E-A400C4CAD59E}.Release|Any CPU.ActiveCfg = Release|Any CPU
		{DB1D6F5A-8DD1-428E-BD5E-A400C4CAD59E}.Release|Any CPU.Build.0 = Release|Any CPU
		{0F1DE481-DBCC-452C-B488-AE239485E19F}.Debug|Any CPU.ActiveCfg = Debug|Any CPU
		{0F1DE481-DBCC-452C-B488-AE239485E19F}.Debug|Any CPU.Build.0 = Debug|Any CPU
		{0F1DE481-DBCC-452C-B488-AE239485E19F}.Release|Any CPU.ActiveCfg = Release|Any CPU
		{0F1DE481-DBCC-452C-B488-AE239485E19F}.Release|Any CPU.Build.0 = Release|Any CPU
		{92A021B4-796E-4E4E-9246-C63E883F7CF2}.Debug|Any CPU.ActiveCfg = Debug|Any CPU
		{92A021B4-796E-4E4E-9246-C63E883F7CF2}.Debug|Any CPU.Build.0 = Debug|Any CPU
		{92A021B4-796E-4E4E-9246-C63E883F7CF2}.Release|Any CPU.ActiveCfg = Release|Any CPU
		{92A021B4-796E-4E4E-9246-C63E883F7CF2}.Release|Any CPU.Build.0 = Release|Any CPU
		{4F937D84-1D39-4B54-8BE1-8A4EEBEFCD6F}.Debug|Any CPU.ActiveCfg = Debug|Any CPU
		{4F937D84-1D39-4B54-8BE1-8A4EEBEFCD6F}.Debug|Any CPU.Build.0 = Debug|Any CPU
		{4F937D84-1D39-4B54-8BE1-8A4EEBEFCD6F}.Release|Any CPU.ActiveCfg = Release|Any CPU
		{4F937D84-1D39-4B54-8BE1-8A4EEBEFCD6F}.Release|Any CPU.Build.0 = Release|Any CPU
		{87100A55-8F36-4920-AE52-4AA1382A0837}.Debug|Any CPU.ActiveCfg = Debug|Any CPU
		{87100A55-8F36-4920-AE52-4AA1382A0837}.Debug|Any CPU.Build.0 = Debug|Any CPU
		{87100A55-8F36-4920-AE52-4AA1382A0837}.Release|Any CPU.ActiveCfg = Release|Any CPU
		{87100A55-8F36-4920-AE52-4AA1382A0837}.Release|Any CPU.Build.0 = Release|Any CPU
		{A30F8999-DE77-4FE6-8A49-32E38D14EFC5}.Debug|Any CPU.ActiveCfg = Debug|Any CPU
		{A30F8999-DE77-4FE6-8A49-32E38D14EFC5}.Debug|Any CPU.Build.0 = Debug|Any CPU
		{A30F8999-DE77-4FE6-8A49-32E38D14EFC5}.Release|Any CPU.ActiveCfg = Release|Any CPU
		{A30F8999-DE77-4FE6-8A49-32E38D14EFC5}.Release|Any CPU.Build.0 = Release|Any CPU
		{65750D9B-EC1F-4BB3-A8AB-DFC70221EEF5}.Debug|Any CPU.ActiveCfg = Debug|Any CPU
		{65750D9B-EC1F-4BB3-A8AB-DFC70221EEF5}.Debug|Any CPU.Build.0 = Debug|Any CPU
		{65750D9B-EC1F-4BB3-A8AB-DFC70221EEF5}.Release|Any CPU.ActiveCfg = Release|Any CPU
		{65750D9B-EC1F-4BB3-A8AB-DFC70221EEF5}.Release|Any CPU.Build.0 = Release|Any CPU
		{1FE17EBB-1A95-4EB1-8E28-EDFFC36A1FDE}.Debug|Any CPU.ActiveCfg = Debug|Any CPU
		{1FE17EBB-1A95-4EB1-8E28-EDFFC36A1FDE}.Debug|Any CPU.Build.0 = Debug|Any CPU
		{1FE17EBB-1A95-4EB1-8E28-EDFFC36A1FDE}.Release|Any CPU.ActiveCfg = Release|Any CPU
		{1FE17EBB-1A95-4EB1-8E28-EDFFC36A1FDE}.Release|Any CPU.Build.0 = Release|Any CPU
		{5CAF37C0-C35B-48D6-B12F-E48E0372208B}.Debug|Any CPU.ActiveCfg = Debug|Any CPU
		{5CAF37C0-C35B-48D6-B12F-E48E0372208B}.Debug|Any CPU.Build.0 = Debug|Any CPU
		{5CAF37C0-C35B-48D6-B12F-E48E0372208B}.Release|Any CPU.ActiveCfg = Release|Any CPU
		{5CAF37C0-C35B-48D6-B12F-E48E0372208B}.Release|Any CPU.Build.0 = Release|Any CPU
		{F3C3CF32-4859-4F2E-AFDC-B5A1A57482E2}.Debug|Any CPU.ActiveCfg = Debug|Any CPU
		{F3C3CF32-4859-4F2E-AFDC-B5A1A57482E2}.Debug|Any CPU.Build.0 = Debug|Any CPU
		{F3C3CF32-4859-4F2E-AFDC-B5A1A57482E2}.Release|Any CPU.ActiveCfg = Release|Any CPU
		{F3C3CF32-4859-4F2E-AFDC-B5A1A57482E2}.Release|Any CPU.Build.0 = Release|Any CPU
		{ABF3FF85-88BD-46BC-B594-96FC6A1786D7}.Debug|Any CPU.ActiveCfg = Debug|Any CPU
		{ABF3FF85-88BD-46BC-B594-96FC6A1786D7}.Debug|Any CPU.Build.0 = Debug|Any CPU
		{ABF3FF85-88BD-46BC-B594-96FC6A1786D7}.Release|Any CPU.ActiveCfg = Release|Any CPU
		{ABF3FF85-88BD-46BC-B594-96FC6A1786D7}.Release|Any CPU.Build.0 = Release|Any CPU
	EndGlobalSection
	GlobalSection(SolutionProperties) = preSolution
		HideSolutionNode = FALSE
	EndGlobalSection
	GlobalSection(ExtensibilityGlobals) = postSolution
		SolutionGuid = {6E2BA683-6A4A-4061-8643-28ACB0AEA2C0}
	EndGlobalSection
EndGlobal
